<?xml version="1.0" encoding="utf-8"?>
<Project ToolsVersion="4.0" xmlns="http://schemas.microsoft.com/developer/msbuild/2003">
  <ItemGroup>
    <Filter Include="Header Files">
      <UniqueIdentifier>{c2f32eac-1410-4792-b542-017c21cca78a}</UniqueIdentifier>
    </Filter>
    <Filter Include="Resource Files">
      <UniqueIdentifier>{6cbd07e4-abe5-4de4-90bf-b01bc35c3f25}</UniqueIdentifier>
    </Filter>
    <Filter Include="Source Files">
      <UniqueIdentifier>{e4e2ac17-d2c5-463c-9a82-4f3740bdf05b}</UniqueIdentifier>
    </Filter>
  </ItemGroup>
  <ItemGroup>
    <ClCompile Include="_resourceediting.c">
      <Filter>Source Files</Filter>
    </ClCompile>
  </ItemGroup>
</Project>